{
  "version": 4,
  "terraform_version": "0.12.24",
  "serial": 58,
  "lineage": "2453100b-ccaa-5163-bf52-b7773dc45324",
  "outputs": {},
  "resources": [
    {
      "module": "module.app",
      "mode": "data",
      "type": "aws_internet_gateway",
      "name": "default_gw",
      "provider": "provider.aws",
      "instances": [
        {
          "schema_version": 0,
          "attributes": {
            "attachments": [
              {
                "state": "available",
                "vpc_id": "vpc-07e47e9d90d2076da"
              }
            ],
            "filter": [
              {
                "name": "attachment.vpc-id",
                "values": [
                  "vpc-07e47e9d90d2076da"
                ]
              }
            ],
            "id": "igw-06e7af22039dabe62",
            "internet_gateway_id": "igw-06e7af22039dabe62",
            "owner_id": "135928476890",
            "tags": {}
          }
        }
      ]
    },
    {
      "module": "module.app",
      "mode": "data",
      "type": "template_file",
      "name": "app_init",
      "provider": "provider.template",
      "instances": [
        {
          "schema_version": 0,
          "attributes": {
            "filename": null,
            "id": "663bdb229e40d494b1123c9019aec2f80f189458f9dc37d02335d929aba068dc",
            "rendered": "#!/bin/bash\n\ncd /home/ubuntu/app\nnpm install\npm2 start app.js\n",
            "template": "#!/bin/bash\n\ncd /home/ubuntu/app\nnpm install\npm2 start app.js\n",
            "vars": null
          }
        }
      ]
    },
    {
      "module": "module.app",
      "mode": "managed",
      "type": "aws_instance",
      "name": "app_instance",
      "provider": "provider.aws",
      "instances": []
    },
    {
      "module": "module.app",
      "mode": "managed",
      "type": "aws_route_table",
      "name": "public",
      "provider": "provider.aws",
      "instances": [
        {
          "schema_version": 0,
          "attributes": {
            "id": "rtb-0f55024b70a72696f",
            "owner_id": "135928476890",
            "propagating_vgws": [],
            "route": [
              {
                "cidr_block": "0.0.0.0/0",
                "egress_only_gateway_id": "",
                "gateway_id": "igw-06e7af22039dabe62",
                "instance_id": "",
                "ipv6_cidr_block": "",
                "nat_gateway_id": "",
                "network_interface_id": "",
                "transit_gateway_id": "",
                "vpc_peering_connection_id": ""
              }
            ],
            "tags": {
              "Name": "elliot-eng54-public"
            },
            "vpc_id": "vpc-07e47e9d90d2076da"
          },
          "private": "bnVsbA=="
        }
      ]
    },
    {
      "module": "module.app",
      "mode": "managed",
      "type": "aws_route_table_association",
      "name": "assoc",
      "provider": "provider.aws",
      "instances": []
    }
  ]
}
